PATH
  remote: .
  specs:
    kino (0.2.0)
      logger (>= 1.6)
      rack (>= 3.1)
      rb_sys (~> 0.9.128)

GEM
  remote: https://rubygems.org/
  specs:
    ast (2.4.3)
    async (2.39.0)
      console (~> 1.29)
      fiber-annotation
      io-event (~> 1.11)
      metrics (~> 0.12)
      traces (~> 0.18)
    async-container (0.35.1)
      async (~> 2.22)
    async-http (0.95.1)
      async (>= 2.10.2)
      async-pool (~> 0.11)
      io-endpoint (~> 0.14)
      io-stream (~> 0.6)
      metrics (~> 0.12)
      protocol-http (~> 0.62)
      protocol-http1 (~> 0.39)
      protocol-http2 (~> 0.26)
      protocol-url (~> 0.2)
      traces (~> 0.10)
    async-http-cache (0.4.6)
      async-http (~> 0.56)
    async-pool (0.11.2)
      async (>= 2.0)
    async-service (0.24.1)
      async
      async-container (~> 0.34)
      string-format (~> 0.2)
    async-utilization (0.4.0)
      console (~> 1.0)
    bake (0.25.0)
      bigdecimal
      samovar (~> 2.1)
    bigdecimal (4.1.2)
    console (1.36.0)
      fiber-annotation
      fiber-local (~> 1.1)
      json
    date (3.5.1)
    diff-lcs (1.6.2)
    erb (6.0.4)
    falcon (0.55.5)
      async
      async-container (~> 0.20)
      async-http (~> 0.75)
      async-http-cache (~> 0.4)
      async-service (~> 0.19)
      async-utilization (~> 0.3)
      bundler
      localhost (~> 1.1)
      openssl (>= 3.0)
      protocol-http (~> 0.31)
      protocol-rack (~> 0.7)
      samovar (~> 2.3)
    fiber-annotation (0.2.0)
    fiber-local (1.1.0)
      fiber-storage
    fiber-storage (1.0.1)
    io-console (0.8.2)
    io-endpoint (0.17.2)
    io-event (1.16.1)
    io-stream (0.13.0)
    irb (1.18.0)
      pp (>= 0.6.0)
      prism (>= 1.3.0)
      rdoc (>= 4.0.0)
      reline (>= 0.4.2)
    json (2.19.8)
    language_server-protocol (3.17.0.5)
    lint_roller (1.1.0)
    localhost (1.8.0)
      bake
    logger (1.7.0)
    mapping (1.1.3)
    metrics (0.15.0)
    nio4r (2.7.5)
    openssl (4.0.2)
    parallel (2.1.0)
    parser (3.3.11.1)
      ast (~> 2.4.1)
      racc
    pp (0.6.3)
      prettyprint
    prettyprint (0.2.0)
    prism (1.9.0)
    protocol-hpack (1.5.1)
    protocol-http (0.62.2)
    protocol-http1 (0.39.0)
      protocol-http (~> 0.62)
    protocol-http2 (0.26.0)
      protocol-hpack (~> 1.4)
      protocol-http (~> 0.62)
    protocol-rack (0.22.1)
      io-stream (>= 0.10)
      protocol-http (~> 0.58)
      rack (>= 1.0)
    protocol-url (0.4.0)
    psych (5.4.0)
      date
      stringio
    puma (7.2.1)
      nio4r (~> 2.0)
    racc (1.8.1)
    rack (3.2.6)
    rainbow (3.1.1)
    rake (13.4.2)
    rake-compiler (1.3.1)
      rake
    rake-compiler-dock (1.12.0)
    rb_sys (0.9.128)
      rake-compiler-dock (= 1.12.0)
    rbs (4.0.2)
      logger
      prism (>= 1.6.0)
      tsort
    rdoc (7.2.0)
      erb
      psych (>= 4.0.0)
      tsort
    regexp_parser (2.12.0)
    reline (0.6.3)
      io-console (~> 0.5)
    rspec (3.13.2)
      rspec-core (~> 3.13.0)
      rspec-expectations (~> 3.13.0)
      rspec-mocks (~> 3.13.0)
    rspec-core (3.13.6)
      rspec-support (~> 3.13.0)
    rspec-expectations (3.13.5)
      diff-lcs (>= 1.2.0, < 2.0)
      rspec-support (~> 3.13.0)
    rspec-mocks (3.13.8)
      diff-lcs (>= 1.2.0, < 2.0)
      rspec-support (~> 3.13.0)
    rspec-support (3.13.7)
    rubocop (1.87.0)
      json (~> 2.3)
      language_server-protocol (~> 3.17.0.2)
      lint_roller (~> 1.1.0)
      parallel (>= 1.10)
      parser (>= 3.3.0.2)
      rainbow (>= 2.2.2, < 4.0)
      regexp_parser (>= 2.9.3, < 3.0)
      rubocop-ast (>= 1.49.0, < 2.0)
      ruby-progressbar (~> 1.7)
      unicode-display_width (>= 2.4.0, < 4.0)
    rubocop-ast (1.49.1)
      parser (>= 3.3.7.2)
      prism (~> 1.7)
    rubocop-performance (1.26.1)
      lint_roller (~> 1.1)
      rubocop (>= 1.75.0, < 2.0)
      rubocop-ast (>= 1.47.1, < 2.0)
    ruby-progressbar (1.13.0)
    samovar (2.4.1)
      console (~> 1.0)
      mapping (~> 1.0)
    standard (1.55.0)
      language_server-protocol (~> 3.17.0.2)
      lint_roller (~> 1.0)
      rubocop (~> 1.87.0)
      standard-custom (~> 1.0.0)
      standard-performance (~> 1.8)
    standard-custom (1.0.2)
      lint_roller (~> 1.0)
      rubocop (~> 1.50)
    standard-performance (1.9.0)
      lint_roller (~> 1.1)
      rubocop-performance (~> 1.26.0)
    string-format (0.2.0)
    stringio (3.2.0)
    traces (0.18.2)
    tsort (0.2.0)
    unicode-display_width (3.2.0)
      unicode-emoji (~> 4.1)
    unicode-emoji (4.2.0)
    yard (0.9.44)

PLATFORMS
  arm64-darwin-25
  ruby

DEPENDENCIES
  falcon (~> 0.52)
  irb
  kino!
  puma (~> 7.0)
  rake (~> 13.0)
  rake-compiler
  rbs (~> 4.0)
  rspec (~> 3.0)
  standard (~> 1.50)
  yard (~> 0.9)

CHECKSUMS
  ast (2.4.3) sha256=954615157c1d6a382bc27d690d973195e79db7f55e9765ac7c481c60bdb4d383
  async (2.39.0) sha256=df18730073f2bbb45788077dfa20cb365ecc1b9453969f44de6796b5191a00aa
  async-container (0.35.1) sha256=a7a59914b53c6b3013c71f069cb5ab5a2c7d479e582ea533ce091e8d5cfab525
  async-http (0.95.1) sha256=0c3dd458c204c06d5c4b20b01bbec4794a1203db627fb2ce536e1799ec14786c
  async-http-cache (0.4.6) sha256=2038d1f093182f16b50b4db271c25085e3938da10bfcfc2904cadb0530fddfd6
  async-pool (0.11.2) sha256=0a43a17b02b04d9c451b7d12fafa9a50e55dc6dd00d4369aca00433f16a7e3ed
  async-service (0.24.1) sha256=3ee313fa2d6c1427ffac68f42f272889c496fa1088cf1432b1e7a5f5bff56b06
  async-utilization (0.4.0) sha256=4da53cb1733a12c9cf70ff22bd37d29c10fa9162a03ddb10f34e12acd171fe32
  bake (0.25.0) sha256=a47bdc6a26addc048827debc36fe27bb4d5d71ac2958ad910b5386e9baf49869
  bigdecimal (4.1.2) sha256=53d217666027eab4280346fba98e7d5b66baaae1b9c3c1c0ffe89d48188a3fbd
  bundler (4.0.13) sha256=19f08be7f27022cf0b89f27da0b044ae075e8270a9ef44ad248a932614e1ca3b
  console (1.36.0) sha256=45599ea906cf80a73d8941f03abf873fe66a6a954e0bac5bc1c01e2cdc406f07
  date (3.5.1) sha256=750d06384d7b9c15d562c76291407d89e368dda4d4fff957eb94962d325a0dc0
  diff-lcs (1.6.2) sha256=9ae0d2cba7d4df3075fe8cd8602a8604993efc0dfa934cff568969efb1909962
  erb (6.0.4) sha256=38e3803694be357fe2bfe312487c74beaf9fb4e5beb3e22498952fe1645b95d9
  falcon (0.55.5) sha256=8622db11361b6678578dd7e06b953aaef10e5006929ced618069bb62b0ff118d
  fiber-annotation (0.2.0) sha256=7abfadf1d119f508867d4103bf231c0354d019cc39a5738945dec2edadaf6c03
  fiber-local (1.1.0) sha256=c885f94f210fb9b05737de65d511136ea602e00c5105953748aa0f8793489f06
  fiber-storage (1.0.1) sha256=f48e5b6d8b0be96dac486332b55cee82240057065dc761c1ea692b2e719240e1
  io-console (0.8.2) sha256=d6e3ae7a7cc7574f4b8893b4fca2162e57a825b223a177b7afa236c5ef9814cc
  io-endpoint (0.17.2) sha256=3feaf766c116b35839c11fac68b6aaadc47887bb488902a57bf8e1d288fb3338
  io-event (1.16.1) sha256=641686f1e919a4890f788b86393026f8ef1394ee4af4d2ab9c24c81e237736ed
  io-stream (0.13.0) sha256=ce24bccb302bdf3ecedef05e8669a687b461621a498d83622fdcab549c9c1636
  irb (1.18.0) sha256=de9454a0703a54704b9811a5ef31a60c86949fbf4013fcf244fabc7c775248e3
  json (2.19.8) sha256=6354310fd76ef69b87d5bd1f38b40d730613baf90b6803d2d0a48f618d32dfaa
  kino (0.2.0)
  language_server-protocol (3.17.0.5) sha256=fd1e39a51a28bf3eec959379985a72e296e9f9acfce46f6a79d31ca8760803cc
  lint_roller (1.1.0) sha256=2c0c845b632a7d172cb849cc90c1bce937a28c5c8ccccb50dfd46a485003cc87
  localhost (1.8.0) sha256=df7ea825b4f64949c588c17efac86bc47ddc4460d723778abe933b71759b2701
  logger (1.7.0) sha256=196edec7cc44b66cfb40f9755ce11b392f21f7967696af15d274dde7edff0203
  mapping (1.1.3) sha256=2274931d20ecd46eaafdd1e00c58cc7472133b213bcac335cc7733d3c75f4da2
  metrics (0.15.0) sha256=61ded5bac95118e995b1bc9ed4a5f19bc9814928a312a85b200abbdac9039072
  nio4r (2.7.5) sha256=6c90168e48fb5f8e768419c93abb94ba2b892a1d0602cb06eef16d8b7df1dca1
  openssl (4.0.2) sha256=1037ad2868ae58df9ad917891c0c0f9815a1172f6846d4bcdd508e4c2ee747c2
  parallel (2.1.0) sha256=b35258865c2e31134c5ecb708beaaf6772adf9d5efae28e93e99260877b09356
  parser (3.3.11.1) sha256=d17ace7aabe3e72c3cc94043714be27cc6f852f104d81aa284c2281aecc65d54
  pp (0.6.3) sha256=2951d514450b93ccfeb1df7d021cae0da16e0a7f95ee1e2273719669d0ab9df6
  prettyprint (0.2.0) sha256=2bc9e15581a94742064a3cc8b0fb9d45aae3d03a1baa6ef80922627a0766f193
  prism (1.9.0) sha256=7b530c6a9f92c24300014919c9dcbc055bf4cdf51ec30aed099b06cd6674ef85
  protocol-hpack (1.5.1) sha256=6feca238b8078da1cd295677d6f306c6001af92d75fe0643d33e6956cbc3ad91
  protocol-http (0.62.2) sha256=e1c1f2f56029c1af8c4e2b8a67d0d096c76620f3afd8d99d1dcd2f6b8ffa773b
  protocol-http1 (0.39.0) sha256=e49b3f4cda6f5d94c76a323d2b7f6977cba3ebd082d2da437039594da77ad8eb
  protocol-http2 (0.26.0) sha256=bac89cd78082b241ccd0cf7246f5160e4bb0c9c975fb4bf7deef5f88cc317486
  protocol-rack (0.22.1) sha256=1185d245927ef9849a603700d6991ca353bc89724fbf98efa4a4333ed62a9fc3
  protocol-url (0.4.0) sha256=64d4c03b6b51ad815ac6fdaf77a1d91e5baf9220d26becb846c5459dacdea9e1
  psych (5.4.0) sha256=14f72d69a611af663d7d70e4a7b67d9eb1f3ae9f8d916b478961d5a0075ba5b7
  puma (7.2.1) sha256=d7bf0e9cabd532e0d401e142cd94e3ac531e993610e2d80e6fbf9c26961414b0
  racc (1.8.1) sha256=4a7f6929691dbec8b5209a0b373bc2614882b55fc5d2e447a21aaa691303d62f
  rack (3.2.6) sha256=5ed78e1f73b2e25679bec7d45ee2d4483cc4146eb1be0264fc4d94cb5ef212c2
  rainbow (3.1.1) sha256=039491aa3a89f42efa1d6dec2fc4e62ede96eb6acd95e52f1ad581182b79bc6a
  rake (13.4.2) sha256=cb825b2bd5f1f8e91ca37bddb4b9aaf345551b4731da62949be002fa89283701
  rake-compiler (1.3.1) sha256=6b351612b6e2d73ddd5563ee799bb58685176e05363db6758504bd11573d670a
  rake-compiler-dock (1.12.0) sha256=f13205c2738f3d2053afcd03491a9e4541b22a59a0bfc53fc8bc883bd8188023
  rb_sys (0.9.128) sha256=9ab81f4d6d4e1895de18762232362d1264475aa7035756b50441e442130538fd
  rbs (4.0.2) sha256=af75671e66cd03434cc546622741ebf83f6197ec4328375805306330bf78ef25
  rdoc (7.2.0) sha256=8650f76cd4009c3b54955eb5d7e3a075c60a57276766ebf36f9085e8c9f23192
  regexp_parser (2.12.0) sha256=35a916a1d63190ab5c9009457136ae5f3c0c7512d60291d0d1378ba18ce08ebb
  reline (0.6.3) sha256=1198b04973565b36ec0f11542ab3f5cfeeec34823f4e54cebde90968092b1835
  rspec (3.13.2) sha256=206284a08ad798e61f86d7ca3e376718d52c0bc944626b2349266f239f820587
  rspec-core (3.13.6) sha256=a8823c6411667b60a8bca135364351dda34cd55e44ff94c4be4633b37d828b2d
  rspec-expectations (3.13.5) sha256=33a4d3a1d95060aea4c94e9f237030a8f9eae5615e9bd85718fe3a09e4b58836
  rspec-mocks (3.13.8) sha256=086ad3d3d17533f4237643de0b5c42f04b66348c28bf6b9c2d3f4a3b01af1d47
  rspec-support (3.13.7) sha256=0640e5570872aafefd79867901deeeeb40b0c9875a36b983d85f54fb7381c47c
  rubocop (1.87.0) sha256=b9d9ddf55116a513f8ef2c7ae660662d8b49301f118d3f0df61865b33a5c188d
  rubocop-ast (1.49.1) sha256=4412f3ee70f6fe4546cc489548e0f6fcf76cafcfa80fa03af67098ffed755035
  rubocop-performance (1.26.1) sha256=cd19b936ff196df85829d264b522fd4f98b6c89ad271fa52744a8c11b8f71834
  ruby-progressbar (1.13.0) sha256=80fc9c47a9b640d6834e0dc7b3c94c9df37f08cb072b7761e4a71e22cff29b33
  samovar (2.4.1) sha256=c3b91dd0580771e3bc600621c1111f29542529dcffafaac3b6bf068b3f309e80
  standard (1.55.0) sha256=8a8f2c3e681a4db3aafde1b301561b0f3d7c5f06c160167cb744a4d7baf0426e
  standard-custom (1.0.2) sha256=424adc84179a074f1a2a309bb9cf7cd6bfdb2b6541f20c6bf9436c0ba22a652b
  standard-performance (1.9.0) sha256=49483d31be448292951d80e5e67cdcb576c2502103c7b40aec6f1b6e9c88e3f2
  string-format (0.2.0) sha256=bc981c14116b061f12134549f32fa2d61a17b5a35dd6fd36596c21722a789af6
  stringio (3.2.0) sha256=c37cb2e58b4ffbd33fe5cd948c05934af997b36e0b6ca6fdf43afa234cf222e1
  traces (0.18.2) sha256=80f1649cb4daace1d7174b81f3b3b7427af0b93047759ba349960cb8f315e214
  tsort (0.2.0) sha256=9650a793f6859a43b6641671278f79cfead60ac714148aabe4e3f0060480089f
  unicode-display_width (3.2.0) sha256=0cdd96b5681a5949cdbc2c55e7b420facae74c4aaf9a9815eee1087cb1853c42
  unicode-emoji (4.2.0) sha256=519e69150f75652e40bf736106cfbc8f0f73aa3fb6a65afe62fefa7f80b0f80f
  yard (0.9.44) sha256=eb087e9b631ccd887b049f303d489963945452d5e2a7eb49a5a74a7cf6887f28

BUNDLED WITH
  4.0.13
